
Microsoft Visual Studio Solution File, Format Version 11.00
# Visual C# Express 2010
Project("{FAE04EC0-301F-11D3-BF4B-00C04F79EFBC}") = "iDetector 4", "src\iDetector 4.csproj", "{00645AD5-1175-440E-8191-E135063EF0DF}"
EndProject
Global
	GlobalSection(SolutionConfigurationPlatforms) = preSolution
		Debug|x86 = Debug|x86
		Release|x86 = Release|x86
	EndGlobalSection
	GlobalSection(ProjectConfigurationPlatforms) = postSolution
		{00645AD5-1175-440E-8191-E135063EF0DF}.Debug|x86.ActiveCfg = Debug|x86
		{00645AD5-1175-440E-8191-E135063EF0DF}.Debug|x86.Build.0 = Debug|x86
		{00645AD5-1175-440E-8191-E135063EF0DF}.Release|x86.ActiveCfg = Release|x86
		{00645AD5-1175-440E-8191-E135063EF0DF}.Release|x86.Build.0 = Release|x86
	EndGlobalSection
	GlobalSection(SolutionProperties) = preSolution
		HideSolutionNode = FALSE
	EndGlobalSection
EndGlobal
